
Microsoft Visual Studio Solution File, Format Version 12.00
# Visual Studio Version 17
VisualStudioVersion = 17.4.32804.182
MinimumVisualStudioVersion = 10.0.40219.1
Project("{2150E333-8FDC-42A3-9474-1A3956D46DE8}") = "APIGateway", "APIGateway", "{B5DDF572-C1A3-4936-BFF6-011E18D59625}"
EndProject
Project("{2150E333-8FDC-42A3-9474-1A3956D46DE8}") = "Features", "Features", "{9158B2CB-4D63-4E8E-B0C9-7C4D454471E6}"
EndProject
Project("{9A19103F-16F7-4668-BE54-9A1E7A4F7556}") = "HelloStory.APIGatwayAuthorizer", "gateway\HelloStory.APIGatway\HelloStory.APIGatwayAuthorizer.csproj", "{AC9F18FE-C10C-41CC-984A-6853748897DA}"
EndProject
Project("{2150E333-8FDC-42A3-9474-1A3956D46DE8}") = "Authflow", "Authflow", "{4AFD02EA-9320-45AB-8D72-6B99BF0504BB}"
EndProject
Project("{2150E333-8FDC-42A3-9474-1A3956D46DE8}") = "Users", "Users", "{33992CAC-B40F-4672-BC0A-AFDC1A6E21C3}"
EndProject
Project("{9A19103F-16F7-4668-BE54-9A1E7A4F7556}") = "HelloStory.Authflow.BLL", "Features\Authflow\HelloStory.Authflow.BLL\HelloStory.Authflow.BLL.csproj", "{DA650530-8885-4BCD-8792-6306BC40F46D}"
EndProject
Project("{9A19103F-16F7-4668-BE54-9A1E7A4F7556}") = "HelloStory.Authflow.BLL.Interfaces", "Features\Authflow\HelloStory.Authflow.BLL.Interfaces\HelloStory.Authflow.BLL.Interfaces.csproj", "{5ACA2270-CBF9-4DB0-9E23-3F51A426E738}"
EndProject
Project("{2150E333-8FDC-42A3-9474-1A3956D46DE8}") = "Shared", "Shared", "{5BA9D0D0-0AC5-4352-AFB1-7B52DB7C93B6}"
EndProject
Project("{9A19103F-16F7-4668-BE54-9A1E7A4F7556}") = "HelloStory.Shared.API.CodeGeneration", "Shared\HelloStory.API.CodeGeneration\HelloStory.Shared.API.CodeGeneration.csproj", "{66827C15-8AB1-45E5-93BD-977B15D590B9}"
EndProject
Project("{9A19103F-16F7-4668-BE54-9A1E7A4F7556}") = "HelloStory.Shared.BLL.Interfaces", "Shared\HelloStory.Shared.API.Interfaces\HelloStory.Shared.BLL.Interfaces.csproj", "{4B24E77E-A166-49D1-AA17-7567F3C98C5F}"
EndProject
Project("{9A19103F-16F7-4668-BE54-9A1E7A4F7556}") = "HelloStory.DAL", "Shared\HelloStory.DAL\HelloStory.DAL.csproj", "{F79D5CE7-DAFC-4A0F-8717-238BBC5D567D}"
EndProject
Project("{9A19103F-16F7-4668-BE54-9A1E7A4F7556}") = "HelloStory.Authflow.Common", "Features\Authflow\HelloStory.Authflow.Common\HelloStory.Authflow.Common.csproj", "{E5F2FAA8-9D34-49C6-A7DF-E0C0D4ADD62E}"
EndProject
Project("{9A19103F-16F7-4668-BE54-9A1E7A4F7556}") = "HelloStory.Authflow.API", "Features\Authflow\HelloStory.Authflow.API\HelloStory.Authflow.API.csproj", "{51342ADB-0172-4A31-8F95-D05C7EDE3BB9}"
EndProject
Global
	GlobalSection(SolutionConfigurationPlatforms) = preSolution
		Debug|Any CPU = Debug|Any CPU
		Release|Any CPU = Release|Any CPU
	EndGlobalSection
	GlobalSection(ProjectConfigurationPlatforms) = postSolution
		{AC9F18FE-C10C-41CC-984A-6853748897DA}.Debug|Any CPU.ActiveCfg = Debug|Any CPU
		{AC9F18FE-C10C-41CC-984A-6853748897DA}.Debug|Any CPU.Build.0 = Debug|Any CPU
		{AC9F18FE-C10C-41CC-984A-6853748897DA}.Release|Any CPU.ActiveCfg = Release|Any CPU
		{AC9F18FE-C10C-41CC-984A-6853748897DA}.Release|Any CPU.Build.0 = Release|Any CPU
		{DA650530-8885-4BCD-8792-6306BC40F46D}.Debug|Any CPU.ActiveCfg = Debug|Any CPU
		{DA650530-8885-4BCD-8792-6306BC40F46D}.Debug|Any CPU.Build.0 = Debug|Any CPU
		{DA650530-8885-4BCD-8792-6306BC40F46D}.Release|Any CPU.ActiveCfg = Release|Any CPU
		{DA650530-8885-4BCD-8792-6306BC40F46D}.Release|Any CPU.Build.0 = Release|Any CPU
		{5ACA2270-CBF9-4DB0-9E23-3F51A426E738}.Debug|Any CPU.ActiveCfg = Debug|Any CPU
		{5ACA2270-CBF9-4DB0-9E23-3F51A426E738}.Debug|Any CPU.Build.0 = Debug|Any CPU
		{5ACA2270-CBF9-4DB0-9E23-3F51A426E738}.Release|Any CPU.ActiveCfg = Release|Any CPU
		{5ACA2270-CBF9-4DB0-9E23-3F51A426E738}.Release|Any CPU.Build.0 = Release|Any CPU
		{66827C15-8AB1-45E5-93BD-977B15D590B9}.Debug|Any CPU.ActiveCfg = Debug|Any CPU
		{66827C15-8AB1-45E5-93BD-977B15D590B9}.Debug|Any CPU.Build.0 = Debug|Any CPU
		{66827C15-8AB1-45E5-93BD-977B15D590B9}.Release|Any CPU.ActiveCfg = Release|Any CPU
		{66827C15-8AB1-45E5-93BD-977B15D590B9}.Release|Any CPU.Build.0 = Release|Any CPU
		{4B24E77E-A166-49D1-AA17-7567F3C98C5F}.Debug|Any CPU.ActiveCfg = Debug|Any CPU
		{4B24E77E-A166-49D1-AA17-7567F3C98C5F}.Debug|Any CPU.Build.0 = Debug|Any CPU
		{4B24E77E-A166-49D1-AA17-7567F3C98C5F}.Release|Any CPU.ActiveCfg = Release|Any CPU
		{4B24E77E-A166-49D1-AA17-7567F3C98C5F}.Release|Any CPU.Build.0 = Release|Any CPU
		{F79D5CE7-DAFC-4A0F-8717-238BBC5D567D}.Debug|Any CPU.ActiveCfg = Debug|Any CPU
		{F79D5CE7-DAFC-4A0F-8717-238BBC5D567D}.Debug|Any CPU.Build.0 = Debug|Any CPU
		{F79D5CE7-DAFC-4A0F-8717-238BBC5D567D}.Release|Any CPU.ActiveCfg = Release|Any CPU
		{F79D5CE7-DAFC-4A0F-8717-238BBC5D567D}.Release|Any CPU.Build.0 = Release|Any CPU
		{E5F2FAA8-9D34-49C6-A7DF-E0C0D4ADD62E}.Debug|Any CPU.ActiveCfg = Debug|Any CPU
		{E5F2FAA8-9D34-49C6-A7DF-E0C0D4ADD62E}.Debug|Any CPU.Build.0 = Debug|Any CPU
		{E5F2FAA8-9D34-49C6-A7DF-E0C0D4ADD62E}.Release|Any CPU.ActiveCfg = Release|Any CPU
		{E5F2FAA8-9D34-49C6-A7DF-E0C0D4ADD62E}.Release|Any CPU.Build.0 = Release|Any CPU
		{51342ADB-0172-4A31-8F95-D05C7EDE3BB9}.Debug|Any CPU.ActiveCfg = Debug|Any CPU
		{51342ADB-0172-4A31-8F95-D05C7EDE3BB9}.Debug|Any CPU.Build.0 = Debug|Any CPU
		{51342ADB-0172-4A31-8F95-D05C7EDE3BB9}.Release|Any CPU.ActiveCfg = Release|Any CPU
		{51342ADB-0172-4A31-8F95-D05C7EDE3BB9}.Release|Any CPU.Build.0 = Release|Any CPU
	EndGlobalSection
	GlobalSection(SolutionProperties) = preSolution
		HideSolutionNode = FALSE
	EndGlobalSection
	GlobalSection(NestedProjects) = preSolution
		{AC9F18FE-C10C-41CC-984A-6853748897DA} = {B5DDF572-C1A3-4936-BFF6-011E18D59625}
		{4AFD02EA-9320-45AB-8D72-6B99BF0504BB} = {9158B2CB-4D63-4E8E-B0C9-7C4D454471E6}
		{33992CAC-B40F-4672-BC0A-AFDC1A6E21C3} = {9158B2CB-4D63-4E8E-B0C9-7C4D454471E6}
		{DA650530-8885-4BCD-8792-6306BC40F46D} = {4AFD02EA-9320-45AB-8D72-6B99BF0504BB}
		{5ACA2270-CBF9-4DB0-9E23-3F51A426E738} = {4AFD02EA-9320-45AB-8D72-6B99BF0504BB}
		{66827C15-8AB1-45E5-93BD-977B15D590B9} = {5BA9D0D0-0AC5-4352-AFB1-7B52DB7C93B6}
		{4B24E77E-A166-49D1-AA17-7567F3C98C5F} = {5BA9D0D0-0AC5-4352-AFB1-7B52DB7C93B6}
		{F79D5CE7-DAFC-4A0F-8717-238BBC5D567D} = {5BA9D0D0-0AC5-4352-AFB1-7B52DB7C93B6}
		{E5F2FAA8-9D34-49C6-A7DF-E0C0D4ADD62E} = {4AFD02EA-9320-45AB-8D72-6B99BF0504BB}
		{51342ADB-0172-4A31-8F95-D05C7EDE3BB9} = {4AFD02EA-9320-45AB-8D72-6B99BF0504BB}
	EndGlobalSection
	GlobalSection(ExtensibilityGlobals) = postSolution
		SolutionGuid = {D9A5A2EA-DB86-403B-9E67-889229159A21}
	EndGlobalSection
EndGlobal
