
Microsoft Visual Studio Solution File, Format Version 12.00
# Visual Studio Version 17
VisualStudioVersion = 17.4.32804.182
MinimumVisualStudioVersion = 10.0.40219.1
Project("{2150E333-8FDC-42A3-9474-1A3956D46DE8}") = "APIGateway", "APIGateway", "{B5DDF572-C1A3-4936-BFF6-011E18D59625}"
EndProject
Project("{2150E333-8FDC-42A3-9474-1A3956D46DE8}") = "Features", "Features", "{9158B2CB-4D63-4E8E-B0C9-7C4D454471E6}"
EndProject
Project("{2150E333-8FDC-42A3-9474-1A3956D46DE8}") = "Authflow", "Authflow", "{4AFD02EA-9320-45AB-8D72-6B99BF0504BB}"
EndProject
Project("{2150E333-8FDC-42A3-9474-1A3956D46DE8}") = "User", "User", "{33992CAC-B40F-4672-BC0A-AFDC1A6E21C3}"
EndProject
Project("{2150E333-8FDC-42A3-9474-1A3956D46DE8}") = "Shared", "Shared", "{5BA9D0D0-0AC5-4352-AFB1-7B52DB7C93B6}"
EndProject
Project("{9A19103F-16F7-4668-BE54-9A1E7A4F7556}") = "HelloStory.Shared.API.CodeGeneration", "Shared\HelloStory.API.CodeGeneration\HelloStory.Shared.API.CodeGeneration.csproj", "{66827C15-8AB1-45E5-93BD-977B15D590B9}"
EndProject
Project("{9A19103F-16F7-4668-BE54-9A1E7A4F7556}") = "HelloStory.Shared.BLL.Interfaces", "Shared\HelloStory.Shared.API.Interfaces\HelloStory.Shared.BLL.Interfaces.csproj", "{4B24E77E-A166-49D1-AA17-7567F3C98C5F}"
EndProject
Project("{9A19103F-16F7-4668-BE54-9A1E7A4F7556}") = "HelloStory.Shared.API", "Shared\HelloStory.API.Shared\HelloStory.Shared.API.csproj", "{AC20E5F5-DDF0-4985-A31E-30F4A868EE8D}"
EndProject
Project("{9A19103F-16F7-4668-BE54-9A1E7A4F7556}") = "HelloStory.APIGatwayAuthorizer", "Gateway\HelloStory.APIGatwayAuthorizer\HelloStory.APIGatwayAuthorizer.csproj", "{05708FCD-ED97-48B1-AD8A-66895489B153}"
EndProject
Project("{9A19103F-16F7-4668-BE54-9A1E7A4F7556}") = "HelloStory.Authflow.BLL", "Services\Authflow\HelloStory.Authflow.BLL\HelloStory.Authflow.BLL.csproj", "{6710DC6F-D15C-46AC-9973-C89F2FA51C69}"
EndProject
Project("{9A19103F-16F7-4668-BE54-9A1E7A4F7556}") = "HelloStory.Authflow.BLL.Interfaces", "Services\Authflow\HelloStory.Authflow.BLL.Interfaces\HelloStory.Authflow.BLL.Interfaces.csproj", "{93D983D0-AC53-4F41-91D3-13F362007452}"
EndProject
Project("{9A19103F-16F7-4668-BE54-9A1E7A4F7556}") = "HelloStory.Authflow.Common", "Services\Authflow\HelloStory.Authflow.Common\HelloStory.Authflow.Common.csproj", "{CA6CBDD9-FBEA-4172-9077-8682D1341BBE}"
EndProject
Project("{9A19103F-16F7-4668-BE54-9A1E7A4F7556}") = "HelloStory.Shared.BLL.Exceptions", "Shared\HelloStory.Shared.BLL.Exceptions\HelloStory.Shared.BLL.Exceptions.csproj", "{8F0A4A67-2167-47B1-99BB-CCBBEE101969}"
EndProject
Project("{9A19103F-16F7-4668-BE54-9A1E7A4F7556}") = "HelloStory.User.API", "Services\User\HelloStory.User.API\HelloStory.User.API.csproj", "{865AC5DA-16C0-4683-AF71-01FBBEE31545}"
EndProject
Project("{9A19103F-16F7-4668-BE54-9A1E7A4F7556}") = "HelloStory.User.Common", "Services\User\HelloStory.User.Common\HelloStory.User.Common.csproj", "{3613E5A8-55E4-4207-9905-1E9069158437}"
EndProject
Project("{9A19103F-16F7-4668-BE54-9A1E7A4F7556}") = "HelloStory.User.BLL", "Services\User\HelloStory.User.BLL\HelloStory.User.BLL.csproj", "{CF293BEF-4CB6-49A8-95D4-5D453D25FB08}"
EndProject
Project("{9A19103F-16F7-4668-BE54-9A1E7A4F7556}") = "HelloStory.Authflow.API", "Services\Authflow\HelloStory.Authflow.API\HelloStory.Authflow.API.csproj", "{CC424884-601C-4D41-96F4-C3B36F68C58B}"
EndProject
Project("{9A19103F-16F7-4668-BE54-9A1E7A4F7556}") = "HelloStory.Shared.DAL", "Shared\HelloStory.Shared.DAL\HelloStory.Shared.DAL.csproj", "{9127B9E0-B453-4BA4-BBD1-E1E0FE610C73}"
EndProject
Global
	GlobalSection(SolutionConfigurationPlatforms) = preSolution
		Debug|Any CPU = Debug|Any CPU
		Release|Any CPU = Release|Any CPU
	EndGlobalSection
	GlobalSection(ProjectConfigurationPlatforms) = postSolution
		{66827C15-8AB1-45E5-93BD-977B15D590B9}.Debug|Any CPU.ActiveCfg = Debug|Any CPU
		{66827C15-8AB1-45E5-93BD-977B15D590B9}.Debug|Any CPU.Build.0 = Debug|Any CPU
		{66827C15-8AB1-45E5-93BD-977B15D590B9}.Release|Any CPU.ActiveCfg = Release|Any CPU
		{66827C15-8AB1-45E5-93BD-977B15D590B9}.Release|Any CPU.Build.0 = Release|Any CPU
		{4B24E77E-A166-49D1-AA17-7567F3C98C5F}.Debug|Any CPU.ActiveCfg = Debug|Any CPU
		{4B24E77E-A166-49D1-AA17-7567F3C98C5F}.Debug|Any CPU.Build.0 = Debug|Any CPU
		{4B24E77E-A166-49D1-AA17-7567F3C98C5F}.Release|Any CPU.ActiveCfg = Release|Any CPU
		{4B24E77E-A166-49D1-AA17-7567F3C98C5F}.Release|Any CPU.Build.0 = Release|Any CPU
		{AC20E5F5-DDF0-4985-A31E-30F4A868EE8D}.Debug|Any CPU.ActiveCfg = Debug|Any CPU
		{AC20E5F5-DDF0-4985-A31E-30F4A868EE8D}.Debug|Any CPU.Build.0 = Debug|Any CPU
		{AC20E5F5-DDF0-4985-A31E-30F4A868EE8D}.Release|Any CPU.ActiveCfg = Release|Any CPU
		{AC20E5F5-DDF0-4985-A31E-30F4A868EE8D}.Release|Any CPU.Build.0 = Release|Any CPU
		{05708FCD-ED97-48B1-AD8A-66895489B153}.Debug|Any CPU.ActiveCfg = Debug|Any CPU
		{05708FCD-ED97-48B1-AD8A-66895489B153}.Debug|Any CPU.Build.0 = Debug|Any CPU
		{05708FCD-ED97-48B1-AD8A-66895489B153}.Release|Any CPU.ActiveCfg = Release|Any CPU
		{05708FCD-ED97-48B1-AD8A-66895489B153}.Release|Any CPU.Build.0 = Release|Any CPU
		{6710DC6F-D15C-46AC-9973-C89F2FA51C69}.Debug|Any CPU.ActiveCfg = Debug|Any CPU
		{6710DC6F-D15C-46AC-9973-C89F2FA51C69}.Debug|Any CPU.Build.0 = Debug|Any CPU
		{6710DC6F-D15C-46AC-9973-C89F2FA51C69}.Release|Any CPU.ActiveCfg = Release|Any CPU
		{6710DC6F-D15C-46AC-9973-C89F2FA51C69}.Release|Any CPU.Build.0 = Release|Any CPU
		{93D983D0-AC53-4F41-91D3-13F362007452}.Debug|Any CPU.ActiveCfg = Debug|Any CPU
		{93D983D0-AC53-4F41-91D3-13F362007452}.Debug|Any CPU.Build.0 = Debug|Any CPU
		{93D983D0-AC53-4F41-91D3-13F362007452}.Release|Any CPU.ActiveCfg = Release|Any CPU
		{93D983D0-AC53-4F41-91D3-13F362007452}.Release|Any CPU.Build.0 = Release|Any CPU
		{CA6CBDD9-FBEA-4172-9077-8682D1341BBE}.Debug|Any CPU.ActiveCfg = Debug|Any CPU
		{CA6CBDD9-FBEA-4172-9077-8682D1341BBE}.Debug|Any CPU.Build.0 = Debug|Any CPU
		{CA6CBDD9-FBEA-4172-9077-8682D1341BBE}.Release|Any CPU.ActiveCfg = Release|Any CPU
		{CA6CBDD9-FBEA-4172-9077-8682D1341BBE}.Release|Any CPU.Build.0 = Release|Any CPU
		{8F0A4A67-2167-47B1-99BB-CCBBEE101969}.Debug|Any CPU.ActiveCfg = Debug|Any CPU
		{8F0A4A67-2167-47B1-99BB-CCBBEE101969}.Debug|Any CPU.Build.0 = Debug|Any CPU
		{8F0A4A67-2167-47B1-99BB-CCBBEE101969}.Release|Any CPU.ActiveCfg = Release|Any CPU
		{8F0A4A67-2167-47B1-99BB-CCBBEE101969}.Release|Any CPU.Build.0 = Release|Any CPU
		{865AC5DA-16C0-4683-AF71-01FBBEE31545}.Debug|Any CPU.ActiveCfg = Debug|Any CPU
		{865AC5DA-16C0-4683-AF71-01FBBEE31545}.Debug|Any CPU.Build.0 = Debug|Any CPU
		{865AC5DA-16C0-4683-AF71-01FBBEE31545}.Release|Any CPU.ActiveCfg = Release|Any CPU
		{865AC5DA-16C0-4683-AF71-01FBBEE31545}.Release|Any CPU.Build.0 = Release|Any CPU
		{3613E5A8-55E4-4207-9905-1E9069158437}.Debug|Any CPU.ActiveCfg = Debug|Any CPU
		{3613E5A8-55E4-4207-9905-1E9069158437}.Debug|Any CPU.Build.0 = Debug|Any CPU
		{3613E5A8-55E4-4207-9905-1E9069158437}.Release|Any CPU.ActiveCfg = Release|Any CPU
		{3613E5A8-55E4-4207-9905-1E9069158437}.Release|Any CPU.Build.0 = Release|Any CPU
		{CF293BEF-4CB6-49A8-95D4-5D453D25FB08}.Debug|Any CPU.ActiveCfg = Debug|Any CPU
		{CF293BEF-4CB6-49A8-95D4-5D453D25FB08}.Debug|Any CPU.Build.0 = Debug|Any CPU
		{CF293BEF-4CB6-49A8-95D4-5D453D25FB08}.Release|Any CPU.ActiveCfg = Release|Any CPU
		{CF293BEF-4CB6-49A8-95D4-5D453D25FB08}.Release|Any CPU.Build.0 = Release|Any CPU
		{CC424884-601C-4D41-96F4-C3B36F68C58B}.Debug|Any CPU.ActiveCfg = Debug|Any CPU
		{CC424884-601C-4D41-96F4-C3B36F68C58B}.Debug|Any CPU.Build.0 = Debug|Any CPU
		{CC424884-601C-4D41-96F4-C3B36F68C58B}.Release|Any CPU.ActiveCfg = Release|Any CPU
		{CC424884-601C-4D41-96F4-C3B36F68C58B}.Release|Any CPU.Build.0 = Release|Any CPU
		{9127B9E0-B453-4BA4-BBD1-E1E0FE610C73}.Debug|Any CPU.ActiveCfg = Debug|Any CPU
		{9127B9E0-B453-4BA4-BBD1-E1E0FE610C73}.Debug|Any CPU.Build.0 = Debug|Any CPU
		{9127B9E0-B453-4BA4-BBD1-E1E0FE610C73}.Release|Any CPU.ActiveCfg = Release|Any CPU
		{9127B9E0-B453-4BA4-BBD1-E1E0FE610C73}.Release|Any CPU.Build.0 = Release|Any CPU
	EndGlobalSection
	GlobalSection(SolutionProperties) = preSolution
		HideSolutionNode = FALSE
	EndGlobalSection
	GlobalSection(NestedProjects) = preSolution
		{4AFD02EA-9320-45AB-8D72-6B99BF0504BB} = {9158B2CB-4D63-4E8E-B0C9-7C4D454471E6}
		{33992CAC-B40F-4672-BC0A-AFDC1A6E21C3} = {9158B2CB-4D63-4E8E-B0C9-7C4D454471E6}
		{66827C15-8AB1-45E5-93BD-977B15D590B9} = {5BA9D0D0-0AC5-4352-AFB1-7B52DB7C93B6}
		{4B24E77E-A166-49D1-AA17-7567F3C98C5F} = {5BA9D0D0-0AC5-4352-AFB1-7B52DB7C93B6}
		{AC20E5F5-DDF0-4985-A31E-30F4A868EE8D} = {5BA9D0D0-0AC5-4352-AFB1-7B52DB7C93B6}
		{05708FCD-ED97-48B1-AD8A-66895489B153} = {B5DDF572-C1A3-4936-BFF6-011E18D59625}
		{6710DC6F-D15C-46AC-9973-C89F2FA51C69} = {4AFD02EA-9320-45AB-8D72-6B99BF0504BB}
		{93D983D0-AC53-4F41-91D3-13F362007452} = {4AFD02EA-9320-45AB-8D72-6B99BF0504BB}
		{CA6CBDD9-FBEA-4172-9077-8682D1341BBE} = {4AFD02EA-9320-45AB-8D72-6B99BF0504BB}
		{8F0A4A67-2167-47B1-99BB-CCBBEE101969} = {5BA9D0D0-0AC5-4352-AFB1-7B52DB7C93B6}
		{865AC5DA-16C0-4683-AF71-01FBBEE31545} = {33992CAC-B40F-4672-BC0A-AFDC1A6E21C3}
		{3613E5A8-55E4-4207-9905-1E9069158437} = {33992CAC-B40F-4672-BC0A-AFDC1A6E21C3}
		{CF293BEF-4CB6-49A8-95D4-5D453D25FB08} = {33992CAC-B40F-4672-BC0A-AFDC1A6E21C3}
		{CC424884-601C-4D41-96F4-C3B36F68C58B} = {4AFD02EA-9320-45AB-8D72-6B99BF0504BB}
		{9127B9E0-B453-4BA4-BBD1-E1E0FE610C73} = {5BA9D0D0-0AC5-4352-AFB1-7B52DB7C93B6}
	EndGlobalSection
	GlobalSection(ExtensibilityGlobals) = postSolution
		SolutionGuid = {D9A5A2EA-DB86-403B-9E67-889229159A21}
	EndGlobalSection
EndGlobal
