
Microsoft Visual Studio Solution File, Format Version 12.00
# Visual Studio Version 17
VisualStudioVersion = 17.3.32811.315
MinimumVisualStudioVersion = 10.0.40219.1
Project("{9A19103F-16F7-4668-BE54-9A1E7A4F7556}") = "HumanExpBook.API", "HumanExpBook.API\HumanExpBook.API.csproj", "{391370D6-18EC-4CF9-93AC-18451A190345}"
EndProject
Project("{9A19103F-16F7-4668-BE54-9A1E7A4F7556}") = "HumanExpBook.API.CodeGeneration", "HumanExpBook.API.CodeGeneration\HumanExpBook.API.CodeGeneration.csproj", "{EE5A6DF6-BBEB-426A-9A46-3118202C0491}"
EndProject
Project("{9A19103F-16F7-4668-BE54-9A1E7A4F7556}") = "HumanExpBook.BLL", "HumanExpBook.BLL\HumanExpBook.BLL.csproj", "{98255585-4C11-47CC-9359-FB5DE436672C}"
EndProject
Project("{9A19103F-16F7-4668-BE54-9A1E7A4F7556}") = "HumanExpBook.BLL.Interfaces", "HumanExpBook.BLL.Interfaces\HumanExpBook.BLL.Interfaces.csproj", "{665209C7-E4B5-4EC9-8B2F-F008A241D58D}"
EndProject
Project("{9A19103F-16F7-4668-BE54-9A1E7A4F7556}") = "HumanExpBook.DAL", "HumanExpBook.DAL\HumanExpBook.DAL.csproj", "{44B5A118-AD76-4F2C-A459-7A597F947424}"
EndProject
Project("{9A19103F-16F7-4668-BE54-9A1E7A4F7556}") = "HumanExpBook.Common", "HumanExpBook.Common\HumanExpBook.Common.csproj", "{B1F48C11-A5AF-45E0-946A-62E8BFEDAB3A}"
EndProject
Global
	GlobalSection(SolutionConfigurationPlatforms) = preSolution
		Debug|Any CPU = Debug|Any CPU
		Release|Any CPU = Release|Any CPU
	EndGlobalSection
	GlobalSection(ProjectConfigurationPlatforms) = postSolution
		{391370D6-18EC-4CF9-93AC-18451A190345}.Debug|Any CPU.ActiveCfg = Debug|Any CPU
		{391370D6-18EC-4CF9-93AC-18451A190345}.Debug|Any CPU.Build.0 = Debug|Any CPU
		{391370D6-18EC-4CF9-93AC-18451A190345}.Release|Any CPU.ActiveCfg = Release|Any CPU
		{391370D6-18EC-4CF9-93AC-18451A190345}.Release|Any CPU.Build.0 = Release|Any CPU
		{EE5A6DF6-BBEB-426A-9A46-3118202C0491}.Debug|Any CPU.ActiveCfg = Debug|Any CPU
		{EE5A6DF6-BBEB-426A-9A46-3118202C0491}.Debug|Any CPU.Build.0 = Debug|Any CPU
		{EE5A6DF6-BBEB-426A-9A46-3118202C0491}.Release|Any CPU.ActiveCfg = Release|Any CPU
		{EE5A6DF6-BBEB-426A-9A46-3118202C0491}.Release|Any CPU.Build.0 = Release|Any CPU
		{98255585-4C11-47CC-9359-FB5DE436672C}.Debug|Any CPU.ActiveCfg = Debug|Any CPU
		{98255585-4C11-47CC-9359-FB5DE436672C}.Debug|Any CPU.Build.0 = Debug|Any CPU
		{98255585-4C11-47CC-9359-FB5DE436672C}.Release|Any CPU.ActiveCfg = Release|Any CPU
		{98255585-4C11-47CC-9359-FB5DE436672C}.Release|Any CPU.Build.0 = Release|Any CPU
		{665209C7-E4B5-4EC9-8B2F-F008A241D58D}.Debug|Any CPU.ActiveCfg = Debug|Any CPU
		{665209C7-E4B5-4EC9-8B2F-F008A241D58D}.Debug|Any CPU.Build.0 = Debug|Any CPU
		{665209C7-E4B5-4EC9-8B2F-F008A241D58D}.Release|Any CPU.ActiveCfg = Release|Any CPU
		{665209C7-E4B5-4EC9-8B2F-F008A241D58D}.Release|Any CPU.Build.0 = Release|Any CPU
		{44B5A118-AD76-4F2C-A459-7A597F947424}.Debug|Any CPU.ActiveCfg = Debug|Any CPU
		{44B5A118-AD76-4F2C-A459-7A597F947424}.Debug|Any CPU.Build.0 = Debug|Any CPU
		{44B5A118-AD76-4F2C-A459-7A597F947424}.Release|Any CPU.ActiveCfg = Release|Any CPU
		{44B5A118-AD76-4F2C-A459-7A597F947424}.Release|Any CPU.Build.0 = Release|Any CPU
		{B1F48C11-A5AF-45E0-946A-62E8BFEDAB3A}.Debug|Any CPU.ActiveCfg = Debug|Any CPU
		{B1F48C11-A5AF-45E0-946A-62E8BFEDAB3A}.Debug|Any CPU.Build.0 = Debug|Any CPU
		{B1F48C11-A5AF-45E0-946A-62E8BFEDAB3A}.Release|Any CPU.ActiveCfg = Release|Any CPU
		{B1F48C11-A5AF-45E0-946A-62E8BFEDAB3A}.Release|Any CPU.Build.0 = Release|Any CPU
	EndGlobalSection
	GlobalSection(SolutionProperties) = preSolution
		HideSolutionNode = FALSE
	EndGlobalSection
	GlobalSection(ExtensibilityGlobals) = postSolution
		SolutionGuid = {0C75727A-20D2-4DA0-AF2E-90953A0DA3AA}
	EndGlobalSection
EndGlobal
